
Microsoft Visual Studio Solution File, Format Version 12.00
# Visual Studio Version 16
VisualStudioVersion = 16.0.30011.22
MinimumVisualStudioVersion = 10.0.40219.1
Project("{9A19103F-16F7-4668-BE54-9A1E7A4F7556}") = "MMFoodIdea", "MMFoodIdea\MMFoodIdea.csproj", "{0E4DB9D4-FFBC-4893-9A21-042BC4F4895F}"
EndProject
Project("{9A19103F-16F7-4668-BE54-9A1E7A4F7556}") = "MMFI_Data", "MMFI_Data2\MMFI_Data.csproj", "{16497C9D-8CCC-4EC9-A6A4-4A04877A129F}"
EndProject
Project("{9A19103F-16F7-4668-BE54-9A1E7A4F7556}") = "MMFI_Services", "MMFI_Services\MMFI_Services.csproj", "{55B9C8EE-DF8F-4CE6-B2CD-BDDA905F8CEC}"
EndProject
Project("{9A19103F-16F7-4668-BE54-9A1E7A4F7556}") = "MMFI_IServices", "MMFI_IServices\MMFI_IServices.csproj", "{C29DF25E-F95A-4947-8BC2-73C4049DCF0A}"
EndProject
Project("{9A19103F-16F7-4668-BE54-9A1E7A4F7556}") = "MMFI_Entites", "MMFI_Entites\MMFI_Entites.csproj", "{ADF4DF1D-D3B1-4C7E-8DB4-F3FE37E99C1F}"
EndProject
Global
	GlobalSection(SolutionConfigurationPlatforms) = preSolution
		Debug|Any CPU = Debug|Any CPU
		Release|Any CPU = Release|Any CPU
	EndGlobalSection
	GlobalSection(ProjectConfigurationPlatforms) = postSolution
		{0E4DB9D4-FFBC-4893-9A21-042BC4F4895F}.Debug|Any CPU.ActiveCfg = Debug|Any CPU
		{0E4DB9D4-FFBC-4893-9A21-042BC4F4895F}.Debug|Any CPU.Build.0 = Debug|Any CPU
		{0E4DB9D4-FFBC-4893-9A21-042BC4F4895F}.Release|Any CPU.ActiveCfg = Release|Any CPU
		{0E4DB9D4-FFBC-4893-9A21-042BC4F4895F}.Release|Any CPU.Build.0 = Release|Any CPU
		{16497C9D-8CCC-4EC9-A6A4-4A04877A129F}.Debug|Any CPU.ActiveCfg = Debug|Any CPU
		{16497C9D-8CCC-4EC9-A6A4-4A04877A129F}.Debug|Any CPU.Build.0 = Debug|Any CPU
		{16497C9D-8CCC-4EC9-A6A4-4A04877A129F}.Release|Any CPU.ActiveCfg = Release|Any CPU
		{16497C9D-8CCC-4EC9-A6A4-4A04877A129F}.Release|Any CPU.Build.0 = Release|Any CPU
		{55B9C8EE-DF8F-4CE6-B2CD-BDDA905F8CEC}.Debug|Any CPU.ActiveCfg = Debug|Any CPU
		{55B9C8EE-DF8F-4CE6-B2CD-BDDA905F8CEC}.Debug|Any CPU.Build.0 = Debug|Any CPU
		{55B9C8EE-DF8F-4CE6-B2CD-BDDA905F8CEC}.Release|Any CPU.ActiveCfg = Release|Any CPU
		{55B9C8EE-DF8F-4CE6-B2CD-BDDA905F8CEC}.Release|Any CPU.Build.0 = Release|Any CPU
		{C29DF25E-F95A-4947-8BC2-73C4049DCF0A}.Debug|Any CPU.ActiveCfg = Debug|Any CPU
		{C29DF25E-F95A-4947-8BC2-73C4049DCF0A}.Debug|Any CPU.Build.0 = Debug|Any CPU
		{C29DF25E-F95A-4947-8BC2-73C4049DCF0A}.Release|Any CPU.ActiveCfg = Release|Any CPU
		{C29DF25E-F95A-4947-8BC2-73C4049DCF0A}.Release|Any CPU.Build.0 = Release|Any CPU
		{ADF4DF1D-D3B1-4C7E-8DB4-F3FE37E99C1F}.Debug|Any CPU.ActiveCfg = Debug|Any CPU
		{ADF4DF1D-D3B1-4C7E-8DB4-F3FE37E99C1F}.Debug|Any CPU.Build.0 = Debug|Any CPU
		{ADF4DF1D-D3B1-4C7E-8DB4-F3FE37E99C1F}.Release|Any CPU.ActiveCfg = Release|Any CPU
		{ADF4DF1D-D3B1-4C7E-8DB4-F3FE37E99C1F}.Release|Any CPU.Build.0 = Release|Any CPU
	EndGlobalSection
	GlobalSection(SolutionProperties) = preSolution
		HideSolutionNode = FALSE
	EndGlobalSection
	GlobalSection(ExtensibilityGlobals) = postSolution
		SolutionGuid = {3751A62E-AF22-45D7-AF0B-91F2A33C3875}
	EndGlobalSection
EndGlobal
